{
    "_meta": {
        "hash": {
            "sha256": "fd45f25f7615b6d6890b0baf4363fe4dc4210d292a2fd9c74c64606ff47eccbf"
        },
        "pipfile-spec": 6,
        "requires": {},
        "sources": [
            {
                "name": "pypi",
                "url": "https://pypi.org/simple",
                "verify_ssl": true
            }
        ]
    },
    "default": {
        "prettytable": {
            "hashes": [
                "sha256:7e23ca1e68bbfd06ba8de98bf553bf3493264c96d5e8a615c0471025deeba722",
                "sha256:aa17083feb6c71da11a68b2c213b04675c4af4ce9c541762632ca3f2cb3546dd"
            ],
            "index": "pypi",
            "markers": "python_version >= '3.8'",
            "version": "==3.11.0"
        },
        "wcwidth": {
            "hashes": [
                "sha256:3da69048e4540d84af32131829ff948f1e022c1c6bdb8d6102117aac784f6859",
                "sha256:72ea0c06399eb286d978fdedb6923a9eb47e1c486ce63e9b4e64fc18303972b5"
            ],
            "version": "==0.2.13"
        }
    },
    "develop": {
        "flake8": {
            "hashes": [
                "sha256:049d058491e228e03e67b390f311bbf88fce2dbaa8fa673e7aea87b7198b8d38",
                "sha256:597477df7860daa5aa0fdd84bf5208a043ab96b8e96ab708770ae0364dd03213"
            ],
            "index": "pypi",
            "markers": "python_full_version >= '3.8.1'",
            "version": "==7.1.1"
        },
        "mccabe": {
            "hashes": [
                "sha256:348e0240c33b60bbdf4e523192ef919f28cb2c3d7d5c7794f74009290f236325",
                "sha256:6c2d30ab6be0e4a46919781807b4f0d834ebdd6c6e3dca0bda5a15f863427b6e"
            ],
            "markers": "python_version >= '3.6'",
            "version": "==0.7.0"
        },
        "pycodestyle": {
            "hashes": [
                "sha256:46f0fb92069a7c28ab7bb558f05bfc0110dac69a0cd23c61ea0040283a9d78b3",
                "sha256:6838eae08bbce4f6accd5d5572075c63626a15ee3e6f842df996bf62f6d73521"
            ],
            "markers": "python_version >= '3.8'",
            "version": "==2.12.1"
        },
        "pyflakes": {
            "hashes": [
                "sha256:1c61603ff154621fb2a9172037d84dca3500def8c8b630657d1701f026f8af3f",
                "sha256:84b5be138a2dfbb40689ca07e2152deb896a65c3a3e24c251c5c62489568074a"
            ],
            "markers": "python_version >= '3.8'",
            "version": "==3.2.0"
        }
    }
}
